{
  "name": "realtime-progressbar",
  "version": "1.0.0",
  "lockfileVersion": 3,
  "requires": true,
  "packages": {
    "": {
      "name": "realtime-progressbar",
      "version": "1.0.0",
      "license": "ISC",
      "dependencies": {
        "extended-eventsource": "^1.4.6"
      }
    },
    "node_modules/extended-eventsource": {
      "version": "1.4.6",
      "resolved": "https://registry.npmjs.org/extended-eventsource/-/extended-eventsource-1.4.6.tgz",
      "integrity": "sha512-5KvOiwRph/8hQbxU5V3WGmdNTN4NaqBVdlREyOdA4Tza8kupkOTKdev2O445kspfCE3KFpRG072lOme+BFZ3Hg=="
    }
  }
}
